// !$*UTF8*$!
{
	archiveVersion = 1;
	classes = {
	};
	objectVersion = 56;
	objects = {

/* Begin PBXBuildFile section */
		1D0244BE2CAF94C900650293 /* AppDelegate.swift in Sources */ = {isa = PBXBuildFile; fileRef = 1D0244BD2CAF94C900650293 /* AppDelegate.swift */; };
		1D0244C02CAF94C900650293 /* SceneDelegate.swift in Sources */ = {isa = PBXBuildFile; fileRef = 1D0244BF2CAF94C900650293 /* SceneDelegate.swift */; };
		1D0244C22CAF94C900650293 /* ViewController.swift in Sources */ = {isa = PBXBuildFile; fileRef = 1D0244C12CAF94C900650293 /* ViewController.swift */; };
		1D0244C52CAF94C900650293 /* Base in Resources */ = {isa = PBXBuildFile; fileRef = 1D0244C42CAF94C900650293 /* Base */; };
		1D0244C72CAF94CB00650293 /* Assets.xcassets in Resources */ = {isa = PBXBuildFile; fileRef = 1D0244C62CAF94CB00650293 /* Assets.xcassets */; };
		1D0244CA2CAF94CB00650293 /* Base in Resources */ = {isa = PBXBuildFile; fileRef = 1D0244C92CAF94CB00650293 /* Base */; };
		1D0244D22CAF9A4200650293 /* MainTabController.swift in Sources */ = {isa = PBXBuildFile; fileRef = 1D0244D12CAF9A4100650293 /* MainTabController.swift */; };
		1D0244D42CAF9B6300650293 /* NewsViewController.swift in Sources */ = {isa = PBXBuildFile; fileRef = 1D0244D32CAF9B6300650293 /* NewsViewController.swift */; };
		1D0244D62CAF9B9900650293 /* GameViewController.swift in Sources */ = {isa = PBXBuildFile; fileRef = 1D0244D52CAF9B9900650293 /* GameViewController.swift */; };
		1D0244D82CAF9BBB00650293 /* VideoViewController.swift in Sources */ = {isa = PBXBuildFile; fileRef = 1D0244D72CAF9BBB00650293 /* VideoViewController.swift */; };
		1D0244DA2CAF9BD900650293 /* SettingsViewController.swift in Sources */ = {isa = PBXBuildFile; fileRef = 1D0244D92CAF9BD900650293 /* SettingsViewController.swift */; };
		1D0244DC2CAFA00000650293 /* NewsTableViewCell.swift in Sources */ = {isa = PBXBuildFile; fileRef = 1D0244DB2CAFA00000650293 /* NewsTableViewCell.swift */; };
		1D0244DF2CAFA35F00650293 /* DetailNewsViewController.swift in Sources */ = {isa = PBXBuildFile; fileRef = 1D0244DE2CAFA35F00650293 /* DetailNewsViewController.swift */; };
		1D0244E22CAFA6C300650293 /* NewsResponse.swift in Sources */ = {isa = PBXBuildFile; fileRef = 1D0244E12CAFA6C300650293 /* NewsResponse.swift */; };
		1D0244E42CAFA73400650293 /* NetworkService.swift in Sources */ = {isa = PBXBuildFile; fileRef = 1D0244E32CAFA73400650293 /* NetworkService.swift */; };
		1D0244ED2CB0DC1000650293 /* GameResultViewController.swift in Sources */ = {isa = PBXBuildFile; fileRef = 1D0244EC2CB0DC1000650293 /* GameResultViewController.swift */; };
		1D0244EF2CB0DC6B00650293 /* GoalsRankingViewController.swift in Sources */ = {isa = PBXBuildFile; fileRef = 1D0244EE2CB0DC6B00650293 /* GoalsRankingViewController.swift */; };
		1D0244F12CB0DCA100650293 /* AssistsRankingViewController.swift in Sources */ = {isa = PBXBuildFile; fileRef = 1D0244F02CB0DCA100650293 /* AssistsRankingViewController.swift */; };
		1D0244F32CB0E04500650293 /* UpcomingMatchesViewController.swift in Sources */ = {isa = PBXBuildFile; fileRef = 1D0244F22CB0E04500650293 /* UpcomingMatchesViewController.swift */; };
		1D0244F62CB0EF3000650293 /* MatchTableViewCell.swift in Sources */ = {isa = PBXBuildFile; fileRef = 1D0244F52CB0EF3000650293 /* MatchTableViewCell.swift */; };
		1D0244F82CB0FC3D00650293 /* NetworkProvider.swift in Sources */ = {isa = PBXBuildFile; fileRef = 1D0244F72CB0FC3D00650293 /* NetworkProvider.swift */; };
		1D0244FA2CB0FC9200650293 /* FixtureNetwork.swift in Sources */ = {isa = PBXBuildFile; fileRef = 1D0244F92CB0FC9200650293 /* FixtureNetwork.swift */; };
		1D0244FC2CB0FCAF00650293 /* RankingNetwork.swift in Sources */ = {isa = PBXBuildFile; fileRef = 1D0244FB2CB0FCAF00650293 /* RankingNetwork.swift */; };
		1D0244FE2CB0FD6E00650293 /* FixtureModel.swift in Sources */ = {isa = PBXBuildFile; fileRef = 1D0244FD2CB0FD6E00650293 /* FixtureModel.swift */; };
		1D0245002CB0FD8600650293 /* TeamRankingModel.swift in Sources */ = {isa = PBXBuildFile; fileRef = 1D0244FF2CB0FD8600650293 /* TeamRankingModel.swift */; };
		1D0245022CB0FD9E00650293 /* ScorerRankingModel.swift in Sources */ = {isa = PBXBuildFile; fileRef = 1D0245012CB0FD9E00650293 /* ScorerRankingModel.swift */; };
		1D0245042CB0FDB100650293 /* AssistRankingModel.swift in Sources */ = {isa = PBXBuildFile; fileRef = 1D0245032CB0FDB100650293 /* AssistRankingModel.swift */; };
		1D0245062CB0FE9000650293 /* LineupModel.swift in Sources */ = {isa = PBXBuildFile; fileRef = 1D0245052CB0FE9000650293 /* LineupModel.swift */; };
		1D0245082CB0FEA200650293 /* StatsModel.swift in Sources */ = {isa = PBXBuildFile; fileRef = 1D0245072CB0FEA200650293 /* StatsModel.swift */; };
		1D02450A2CB1046500650293 /* TeamRankingViewController.swift in Sources */ = {isa = PBXBuildFile; fileRef = 1D0245092CB1046500650293 /* TeamRankingViewController.swift */; };
		1D02450C2CB1175500650293 /* TeamRankingTableViewCell.swift in Sources */ = {isa = PBXBuildFile; fileRef = 1D02450B2CB1175500650293 /* TeamRankingTableViewCell.swift */; };
		1D02450E2CB1178C00650293 /* GoalsRankingTableViewCell.swift in Sources */ = {isa = PBXBuildFile; fileRef = 1D02450D2CB1178C00650293 /* GoalsRankingTableViewCell.swift */; };
		1D0245102CB1179800650293 /* AssistsRankingTableViewCell.swift in Sources */ = {isa = PBXBuildFile; fileRef = 1D02450F2CB1179800650293 /* AssistsRankingTableViewCell.swift */; };
/* End PBXBuildFile section */

/* Begin PBXFileReference section */
		1D0244BA2CAF94C900650293 /* FootballApp.app */ = {isa = PBXFileReference; explicitFileType = wrapper.application; includeInIndex = 0; path = FootballApp.app; sourceTree = BUILT_PRODUCTS_DIR; };
		1D0244BD2CAF94C900650293 /* AppDelegate.swift */ = {isa = PBXFileReference; lastKnownFileType = sourcecode.swift; path = AppDelegate.swift; sourceTree = "<group>"; };
		1D0244BF2CAF94C900650293 /* SceneDelegate.swift */ = {isa = PBXFileReference; lastKnownFileType = sourcecode.swift; path = SceneDelegate.swift; sourceTree = "<group>"; };
		1D0244C12CAF94C900650293 /* ViewController.swift */ = {isa = PBXFileReference; lastKnownFileType = sourcecode.swift; path = ViewController.swift; sourceTree = "<group>"; };
		1D0244C42CAF94C900650293 /* Base */ = {isa = PBXFileReference; lastKnownFileType = file.storyboard; name = Base; path = Base.lproj/Main.storyboard; sourceTree = "<group>"; };
		1D0244C62CAF94CB00650293 /* Assets.xcassets */ = {isa = PBXFileReference; lastKnownFileType = folder.assetcatalog; path = Assets.xcassets; sourceTree = "<group>"; };
		1D0244C92CAF94CB00650293 /* Base */ = {isa = PBXFileReference; lastKnownFileType = file.storyboard; name = Base; path = Base.lproj/LaunchScreen.storyboard; sourceTree = "<group>"; };
		1D0244CB2CAF94CB00650293 /* Info.plist */ = {isa = PBXFileReference; lastKnownFileType = text.plist.xml; path = Info.plist; sourceTree = "<group>"; };
		1D0244D12CAF9A4100650293 /* MainTabController.swift */ = {isa = PBXFileReference; lastKnownFileType = sourcecode.swift; path = MainTabController.swift; sourceTree = "<group>"; };
		1D0244D32CAF9B6300650293 /* NewsViewController.swift */ = {isa = PBXFileReference; lastKnownFileType = sourcecode.swift; path = NewsViewController.swift; sourceTree = "<group>"; };
		1D0244D52CAF9B9900650293 /* GameViewController.swift */ = {isa = PBXFileReference; lastKnownFileType = sourcecode.swift; path = GameViewController.swift; sourceTree = "<group>"; };
		1D0244D72CAF9BBB00650293 /* VideoViewController.swift */ = {isa = PBXFileReference; lastKnownFileType = sourcecode.swift; path = VideoViewController.swift; sourceTree = "<group>"; };
		1D0244D92CAF9BD900650293 /* SettingsViewController.swift */ = {isa = PBXFileReference; lastKnownFileType = sourcecode.swift; path = SettingsViewController.swift; sourceTree = "<group>"; };
		1D0244DB2CAFA00000650293 /* NewsTableViewCell.swift */ = {isa = PBXFileReference; lastKnownFileType = sourcecode.swift; path = NewsTableViewCell.swift; sourceTree = "<group>"; };
		1D0244DE2CAFA35F00650293 /* DetailNewsViewController.swift */ = {isa = PBXFileReference; lastKnownFileType = sourcecode.swift; path = DetailNewsViewController.swift; sourceTree = "<group>"; };
		1D0244E12CAFA6C300650293 /* NewsResponse.swift */ = {isa = PBXFileReference; lastKnownFileType = sourcecode.swift; path = NewsResponse.swift; sourceTree = "<group>"; };
		1D0244E32CAFA73400650293 /* NetworkService.swift */ = {isa = PBXFileReference; lastKnownFileType = sourcecode.swift; path = NetworkService.swift; sourceTree = "<group>"; };
		1D0244EC2CB0DC1000650293 /* GameResultViewController.swift */ = {isa = PBXFileReference; lastKnownFileType = sourcecode.swift; path = GameResultViewController.swift; sourceTree = "<group>"; };
		1D0244EE2CB0DC6B00650293 /* GoalsRankingViewController.swift */ = {isa = PBXFileReference; lastKnownFileType = sourcecode.swift; path = GoalsRankingViewController.swift; sourceTree = "<group>"; };
		1D0244F02CB0DCA100650293 /* AssistsRankingViewController.swift */ = {isa = PBXFileReference; lastKnownFileType = sourcecode.swift; path = AssistsRankingViewController.swift; sourceTree = "<group>"; };
		1D0244F22CB0E04500650293 /* UpcomingMatchesViewController.swift */ = {isa = PBXFileReference; lastKnownFileType = sourcecode.swift; path = UpcomingMatchesViewController.swift; sourceTree = "<group>"; };
		1D0244F52CB0EF3000650293 /* MatchTableViewCell.swift */ = {isa = PBXFileReference; lastKnownFileType = sourcecode.swift; path = MatchTableViewCell.swift; sourceTree = "<group>"; };
		1D0244F72CB0FC3D00650293 /* NetworkProvider.swift */ = {isa = PBXFileReference; lastKnownFileType = sourcecode.swift; path = NetworkProvider.swift; sourceTree = "<group>"; };
		1D0244F92CB0FC9200650293 /* FixtureNetwork.swift */ = {isa = PBXFileReference; lastKnownFileType = sourcecode.swift; path = FixtureNetwork.swift; sourceTree = "<group>"; };
		1D0244FB2CB0FCAF00650293 /* RankingNetwork.swift */ = {isa = PBXFileReference; lastKnownFileType = sourcecode.swift; path = RankingNetwork.swift; sourceTree = "<group>"; };
		1D0244FD2CB0FD6E00650293 /* FixtureModel.swift */ = {isa = PBXFileReference; lastKnownFileType = sourcecode.swift; path = FixtureModel.swift; sourceTree = "<group>"; };
		1D0244FF2CB0FD8600650293 /* TeamRankingModel.swift */ = {isa = PBXFileReference; lastKnownFileType = sourcecode.swift; path = TeamRankingModel.swift; sourceTree = "<group>"; };
		1D0245012CB0FD9E00650293 /* ScorerRankingModel.swift */ = {isa = PBXFileReference; lastKnownFileType = sourcecode.swift; path = ScorerRankingModel.swift; sourceTree = "<group>"; };
		1D0245032CB0FDB100650293 /* AssistRankingModel.swift */ = {isa = PBXFileReference; lastKnownFileType = sourcecode.swift; path = AssistRankingModel.swift; sourceTree = "<group>"; };
		1D0245052CB0FE9000650293 /* LineupModel.swift */ = {isa = PBXFileReference; lastKnownFileType = sourcecode.swift; path = LineupModel.swift; sourceTree = "<group>"; };
		1D0245072CB0FEA200650293 /* StatsModel.swift */ = {isa = PBXFileReference; lastKnownFileType = sourcecode.swift; path = StatsModel.swift; sourceTree = "<group>"; };
		1D0245092CB1046500650293 /* TeamRankingViewController.swift */ = {isa = PBXFileReference; lastKnownFileType = sourcecode.swift; path = TeamRankingViewController.swift; sourceTree = "<group>"; };
		1D02450B2CB1175500650293 /* TeamRankingTableViewCell.swift */ = {isa = PBXFileReference; lastKnownFileType = sourcecode.swift; path = TeamRankingTableViewCell.swift; sourceTree = "<group>"; };
		1D02450D2CB1178C00650293 /* GoalsRankingTableViewCell.swift */ = {isa = PBXFileReference; lastKnownFileType = sourcecode.swift; path = GoalsRankingTableViewCell.swift; sourceTree = "<group>"; };
		1D02450F2CB1179800650293 /* AssistsRankingTableViewCell.swift */ = {isa = PBXFileReference; lastKnownFileType = sourcecode.swift; path = AssistsRankingTableViewCell.swift; sourceTree = "<group>"; };
/* End PBXFileReference section */

/* Begin PBXFrameworksBuildPhase section */
		1D0244B72CAF94C900650293 /* Frameworks */ = {
			isa = PBXFrameworksBuildPhase;
			buildActionMask = 2147483647;
			files = (
			);
			runOnlyForDeploymentPostprocessing = 0;
		};
/* End PBXFrameworksBuildPhase section */

/* Begin PBXGroup section */
		1D0244B12CAF94C900650293 = {
			isa = PBXGroup;
			children = (
				1D0244E52CAFA9B900650293 /* Delegates */,
				1D0244BC2CAF94C900650293 /* FootballApp */,
				1D0244BB2CAF94C900650293 /* Products */,
			);
			sourceTree = "<group>";
		};
		1D0244BB2CAF94C900650293 /* Products */ = {
			isa = PBXGroup;
			children = (
				1D0244BA2CAF94C900650293 /* FootballApp.app */,
			);
			name = Products;
			sourceTree = "<group>";
		};
		1D0244BC2CAF94C900650293 /* FootballApp */ = {
			isa = PBXGroup;
			children = (
				1D0244DD2CAFA10C00650293 /* Network */,
				1D0244E02CAFA6A300650293 /* Model */,
				1D0244E62CAFA9D300650293 /* Feature */,
				1D0244C12CAF94C900650293 /* ViewController.swift */,
				1D0244C32CAF94C900650293 /* Main.storyboard */,
				1D0244C62CAF94CB00650293 /* Assets.xcassets */,
				1D0244C82CAF94CB00650293 /* LaunchScreen.storyboard */,
				1D0244CB2CAF94CB00650293 /* Info.plist */,
			);
			path = FootballApp;
			sourceTree = "<group>";
		};
		1D0244DD2CAFA10C00650293 /* Network */ = {
			isa = PBXGroup;
			children = (
				1D0244E32CAFA73400650293 /* NetworkService.swift */,
				1D0244F72CB0FC3D00650293 /* NetworkProvider.swift */,
				1D0244F92CB0FC9200650293 /* FixtureNetwork.swift */,
				1D0244FB2CB0FCAF00650293 /* RankingNetwork.swift */,
			);
			path = Network;
			sourceTree = "<group>";
		};
		1D0244E02CAFA6A300650293 /* Model */ = {
			isa = PBXGroup;
			children = (
				1D0244E12CAFA6C300650293 /* NewsResponse.swift */,
				1D0244FD2CB0FD6E00650293 /* FixtureModel.swift */,
				1D0244FF2CB0FD8600650293 /* TeamRankingModel.swift */,
				1D0245012CB0FD9E00650293 /* ScorerRankingModel.swift */,
				1D0245032CB0FDB100650293 /* AssistRankingModel.swift */,
				1D0245052CB0FE9000650293 /* LineupModel.swift */,
				1D0245072CB0FEA200650293 /* StatsModel.swift */,
			);
			path = Model;
			sourceTree = "<group>";
		};
		1D0244E52CAFA9B900650293 /* Delegates */ = {
			isa = PBXGroup;
			children = (
				1D0244BD2CAF94C900650293 /* AppDelegate.swift */,
				1D0244BF2CAF94C900650293 /* SceneDelegate.swift */,
			);
			path = Delegates;
			sourceTree = "<group>";
		};
		1D0244E62CAFA9D300650293 /* Feature */ = {
			isa = PBXGroup;
			children = (
				1D0244D12CAF9A4100650293 /* MainTabController.swift */,
				1D0244E72CAFA9F000650293 /* News */,
				1D0244E82CAFAA0700650293 /* Game */,
				1D0244E92CAFAA0D00650293 /* Video */,
				1D0244EA2CAFAA1400650293 /* Settings */,
			);
			path = Feature;
			sourceTree = "<group>";
		};
		1D0244E72CAFA9F000650293 /* News */ = {
			isa = PBXGroup;
			children = (
				1D0244EB2CB038B700650293 /* Cells */,
				1D0244D32CAF9B6300650293 /* NewsViewController.swift */,
				1D0244DE2CAFA35F00650293 /* DetailNewsViewController.swift */,
			);
			path = News;
			sourceTree = "<group>";
		};
		1D0244E82CAFAA0700650293 /* Game */ = {
			isa = PBXGroup;
			children = (
				1D0244F42CB0EF0E00650293 /* Cells */,
				1D0244D52CAF9B9900650293 /* GameViewController.swift */,
				1D0244EC2CB0DC1000650293 /* GameResultViewController.swift */,
				1D0244F22CB0E04500650293 /* UpcomingMatchesViewController.swift */,
				1D0245092CB1046500650293 /* TeamRankingViewController.swift */,
				1D0244EE2CB0DC6B00650293 /* GoalsRankingViewController.swift */,
				1D0244F02CB0DCA100650293 /* AssistsRankingViewController.swift */,
			);
			path = Game;
			sourceTree = "<group>";
		};
		1D0244E92CAFAA0D00650293 /* Video */ = {
			isa = PBXGroup;
			children = (
				1D0244D72CAF9BBB00650293 /* VideoViewController.swift */,
			);
			path = Video;
			sourceTree = "<group>";
		};
		1D0244EA2CAFAA1400650293 /* Settings */ = {
			isa = PBXGroup;
			children = (
				1D0244D92CAF9BD900650293 /* SettingsViewController.swift */,
			);
			path = Settings;
			sourceTree = "<group>";
		};
		1D0244EB2CB038B700650293 /* Cells */ = {
			isa = PBXGroup;
			children = (
				1D0244DB2CAFA00000650293 /* NewsTableViewCell.swift */,
			);
			path = Cells;
			sourceTree = "<group>";
		};
		1D0244F42CB0EF0E00650293 /* Cells */ = {
			isa = PBXGroup;
			children = (
				1D0244F52CB0EF3000650293 /* MatchTableViewCell.swift */,
				1D02450B2CB1175500650293 /* TeamRankingTableViewCell.swift */,
				1D02450D2CB1178C00650293 /* GoalsRankingTableViewCell.swift */,
				1D02450F2CB1179800650293 /* AssistsRankingTableViewCell.swift */,
			);
			path = Cells;
			sourceTree = "<group>";
		};
/* End PBXGroup section */

/* Begin PBXNativeTarget section */
		1D0244B92CAF94C900650293 /* FootballApp */ = {
			isa = PBXNativeTarget;
			buildConfigurationList = 1D0244CE2CAF94CB00650293 /* Build configuration list for PBXNativeTarget "FootballApp" */;
			buildPhases = (
				1D0244B62CAF94C900650293 /* Sources */,
				1D0244B72CAF94C900650293 /* Frameworks */,
				1D0244B82CAF94C900650293 /* Resources */,
			);
			buildRules = (
			);
			dependencies = (
			);
			name = FootballApp;
			productName = FootballApp;
			productReference = 1D0244BA2CAF94C900650293 /* FootballApp.app */;
			productType = "com.apple.product-type.application";
		};
/* End PBXNativeTarget section */

/* Begin PBXProject section */
		1D0244B22CAF94C900650293 /* Project object */ = {
			isa = PBXProject;
			attributes = {
				BuildIndependentTargetsInParallel = 1;
				LastSwiftUpdateCheck = 1540;
				LastUpgradeCheck = 1540;
				TargetAttributes = {
					1D0244B92CAF94C900650293 = {
						CreatedOnToolsVersion = 15.4;
					};
				};
			};
			buildConfigurationList = 1D0244B52CAF94C900650293 /* Build configuration list for PBXProject "FootballApp" */;
			compatibilityVersion = "Xcode 14.0";
			developmentRegion = en;
			hasScannedForEncodings = 0;
			knownRegions = (
				en,
				Base,
			);
			mainGroup = 1D0244B12CAF94C900650293;
			productRefGroup = 1D0244BB2CAF94C900650293 /* Products */;
			projectDirPath = "";
			projectRoot = "";
			targets = (
				1D0244B92CAF94C900650293 /* FootballApp */,
			);
		};
/* End PBXProject section */

/* Begin PBXResourcesBuildPhase section */
		1D0244B82CAF94C900650293 /* Resources */ = {
			isa = PBXResourcesBuildPhase;
			buildActionMask = 2147483647;
			files = (
				1D0244C72CAF94CB00650293 /* Assets.xcassets in Resources */,
				1D0244CA2CAF94CB00650293 /* Base in Resources */,
				1D0244C52CAF94C900650293 /* Base in Resources */,
			);
			runOnlyForDeploymentPostprocessing = 0;
		};
/* End PBXResourcesBuildPhase section */

/* Begin PBXSourcesBuildPhase section */
		1D0244B62CAF94C900650293 /* Sources */ = {
			isa = PBXSourcesBuildPhase;
			buildActionMask = 2147483647;
			files = (
				1D0244EF2CB0DC6B00650293 /* GoalsRankingViewController.swift in Sources */,
				1D0244C22CAF94C900650293 /* ViewController.swift in Sources */,
				1D0244D82CAF9BBB00650293 /* VideoViewController.swift in Sources */,
				1D0244FE2CB0FD6E00650293 /* FixtureModel.swift in Sources */,
				1D0244DF2CAFA35F00650293 /* DetailNewsViewController.swift in Sources */,
				1D0245102CB1179800650293 /* AssistsRankingTableViewCell.swift in Sources */,
				1D02450C2CB1175500650293 /* TeamRankingTableViewCell.swift in Sources */,
				1D0244F32CB0E04500650293 /* UpcomingMatchesViewController.swift in Sources */,
				1D0244F12CB0DCA100650293 /* AssistsRankingViewController.swift in Sources */,
				1D0244BE2CAF94C900650293 /* AppDelegate.swift in Sources */,
				1D02450E2CB1178C00650293 /* GoalsRankingTableViewCell.swift in Sources */,
				1D0244FC2CB0FCAF00650293 /* RankingNetwork.swift in Sources */,
				1D02450A2CB1046500650293 /* TeamRankingViewController.swift in Sources */,
				1D0245002CB0FD8600650293 /* TeamRankingModel.swift in Sources */,
				1D0244ED2CB0DC1000650293 /* GameResultViewController.swift in Sources */,
				1D0244F62CB0EF3000650293 /* MatchTableViewCell.swift in Sources */,
				1D0244D22CAF9A4200650293 /* MainTabController.swift in Sources */,
				1D0245062CB0FE9000650293 /* LineupModel.swift in Sources */,
				1D0244D42CAF9B6300650293 /* NewsViewController.swift in Sources */,
				1D0244F82CB0FC3D00650293 /* NetworkProvider.swift in Sources */,
				1D0245022CB0FD9E00650293 /* ScorerRankingModel.swift in Sources */,
				1D0244D62CAF9B9900650293 /* GameViewController.swift in Sources */,
				1D0244C02CAF94C900650293 /* SceneDelegate.swift in Sources */,
				1D0244E22CAFA6C300650293 /* NewsResponse.swift in Sources */,
				1D0244FA2CB0FC9200650293 /* FixtureNetwork.swift in Sources */,
				1D0244DA2CAF9BD900650293 /* SettingsViewController.swift in Sources */,
				1D0245042CB0FDB100650293 /* AssistRankingModel.swift in Sources */,
				1D0244E42CAFA73400650293 /* NetworkService.swift in Sources */,
				1D0244DC2CAFA00000650293 /* NewsTableViewCell.swift in Sources */,
				1D0245082CB0FEA200650293 /* StatsModel.swift in Sources */,
			);
			runOnlyForDeploymentPostprocessing = 0;
		};
/* End PBXSourcesBuildPhase section */

/* Begin PBXVariantGroup section */
		1D0244C32CAF94C900650293 /* Main.storyboard */ = {
			isa = PBXVariantGroup;
			children = (
				1D0244C42CAF94C900650293 /* Base */,
			);
			name = Main.storyboard;
			sourceTree = "<group>";
		};
		1D0244C82CAF94CB00650293 /* LaunchScreen.storyboard */ = {
			isa = PBXVariantGroup;
			children = (
				1D0244C92CAF94CB00650293 /* Base */,
			);
			name = LaunchScreen.storyboard;
			sourceTree = "<group>";
		};
/* End PBXVariantGroup section */

/* Begin XCBuildConfiguration section */
		1D0244CC2CAF94CB00650293 /* Debug */ = {
			isa = XCBuildConfiguration;
			buildSettings = {
				ALWAYS_SEARCH_USER_PATHS = NO;
				ASSETCATALOG_COMPILER_GENERATE_SWIFT_ASSET_SYMBOL_EXTENSIONS = YES;
				CLANG_ANALYZER_NONNULL = YES;
				CLANG_ANALYZER_NUMBER_OBJECT_CONVERSION = YES_AGGRESSIVE;
				CLANG_CXX_LANGUAGE_STANDARD = "gnu++20";
				CLANG_ENABLE_MODULES = YES;
				CLANG_ENABLE_OBJC_ARC = YES;
				CLANG_ENABLE_OBJC_WEAK = YES;
				CLANG_WARN_BLOCK_CAPTURE_AUTORELEASING = YES;
				CLANG_WARN_BOOL_CONVERSION = YES;
				CLANG_WARN_COMMA = YES;
				CLANG_WARN_CONSTANT_CONVERSION = YES;
				CLANG_WARN_DEPRECATED_OBJC_IMPLEMENTATIONS = YES;
				CLANG_WARN_DIRECT_OBJC_ISA_USAGE = YES_ERROR;
				CLANG_WARN_DOCUMENTATION_COMMENTS = YES;
				CLANG_WARN_EMPTY_BODY = YES;
				CLANG_WARN_ENUM_CONVERSION = YES;
				CLANG_WARN_INFINITE_RECURSION = YES;
				CLANG_WARN_INT_CONVERSION = YES;
				CLANG_WARN_NON_LITERAL_NULL_CONVERSION = YES;
				CLANG_WARN_OBJC_IMPLICIT_RETAIN_SELF = YES;
				CLANG_WARN_OBJC_LITERAL_CONVERSION = YES;
				CLANG_WARN_OBJC_ROOT_CLASS = YES_ERROR;
				CLANG_WARN_QUOTED_INCLUDE_IN_FRAMEWORK_HEADER = YES;
				CLANG_WARN_RANGE_LOOP_ANALYSIS = YES;
				CLANG_WARN_STRICT_PROTOTYPES = YES;
				CLANG_WARN_SUSPICIOUS_MOVE = YES;
				CLANG_WARN_UNGUARDED_AVAILABILITY = YES_AGGRESSIVE;
				CLANG_WARN_UNREACHABLE_CODE = YES;
				CLANG_WARN__DUPLICATE_METHOD_MATCH = YES;
				COPY_PHASE_STRIP = NO;
				DEBUG_INFORMATION_FORMAT = dwarf;
				ENABLE_STRICT_OBJC_MSGSEND = YES;
				ENABLE_TESTABILITY = YES;
				ENABLE_USER_SCRIPT_SANDBOXING = YES;
				GCC_C_LANGUAGE_STANDARD = gnu17;
				GCC_DYNAMIC_NO_PIC = NO;
				GCC_NO_COMMON_BLOCKS = YES;
				GCC_OPTIMIZATION_LEVEL = 0;
				GCC_PREPROCESSOR_DEFINITIONS = (
					"DEBUG=1",
					"$(inherited)",
				);
				GCC_WARN_64_TO_32_BIT_CONVERSION = YES;
				GCC_WARN_ABOUT_RETURN_TYPE = YES_ERROR;
				GCC_WARN_UNDECLARED_SELECTOR = YES;
				GCC_WARN_UNINITIALIZED_AUTOS = YES_AGGRESSIVE;
				GCC_WARN_UNUSED_FUNCTION = YES;
				GCC_WARN_UNUSED_VARIABLE = YES;
				IPHONEOS_DEPLOYMENT_TARGET = 17.5;
				LOCALIZATION_PREFERS_STRING_CATALOGS = YES;
				MTL_ENABLE_DEBUG_INFO = INCLUDE_SOURCE;
				MTL_FAST_MATH = YES;
				ONLY_ACTIVE_ARCH = YES;
				SDKROOT = iphoneos;
				SWIFT_ACTIVE_COMPILATION_CONDITIONS = "DEBUG $(inherited)";
				SWIFT_OPTIMIZATION_LEVEL = "-Onone";
			};
			name = Debug;
		};
		1D0244CD2CAF94CB00650293 /* Release */ = {
			isa = XCBuildConfiguration;
			buildSettings = {
				ALWAYS_SEARCH_USER_PATHS = NO;
				ASSETCATALOG_COMPILER_GENERATE_SWIFT_ASSET_SYMBOL_EXTENSIONS = YES;
				CLANG_ANALYZER_NONNULL = YES;
				CLANG_ANALYZER_NUMBER_OBJECT_CONVERSION = YES_AGGRESSIVE;
				CLANG_CXX_LANGUAGE_STANDARD = "gnu++20";
				CLANG_ENABLE_MODULES = YES;
				CLANG_ENABLE_OBJC_ARC = YES;
				CLANG_ENABLE_OBJC_WEAK = YES;
				CLANG_WARN_BLOCK_CAPTURE_AUTORELEASING = YES;
				CLANG_WARN_BOOL_CONVERSION = YES;
				CLANG_WARN_COMMA = YES;
				CLANG_WARN_CONSTANT_CONVERSION = YES;
				CLANG_WARN_DEPRECATED_OBJC_IMPLEMENTATIONS = YES;
				CLANG_WARN_DIRECT_OBJC_ISA_USAGE = YES_ERROR;
				CLANG_WARN_DOCUMENTATION_COMMENTS = YES;
				CLANG_WARN_EMPTY_BODY = YES;
				CLANG_WARN_ENUM_CONVERSION = YES;
				CLANG_WARN_INFINITE_RECURSION = YES;
				CLANG_WARN_INT_CONVERSION = YES;
				CLANG_WARN_NON_LITERAL_NULL_CONVERSION = YES;
				CLANG_WARN_OBJC_IMPLICIT_RETAIN_SELF = YES;
				CLANG_WARN_OBJC_LITERAL_CONVERSION = YES;
				CLANG_WARN_OBJC_ROOT_CLASS = YES_ERROR;
				CLANG_WARN_QUOTED_INCLUDE_IN_FRAMEWORK_HEADER = YES;
				CLANG_WARN_RANGE_LOOP_ANALYSIS = YES;
				CLANG_WARN_STRICT_PROTOTYPES = YES;
				CLANG_WARN_SUSPICIOUS_MOVE = YES;
				CLANG_WARN_UNGUARDED_AVAILABILITY = YES_AGGRESSIVE;
				CLANG_WARN_UNREACHABLE_CODE = YES;
				CLANG_WARN__DUPLICATE_METHOD_MATCH = YES;
				COPY_PHASE_STRIP = NO;
				DEBUG_INFORMATION_FORMAT = "dwarf-with-dsym";
				ENABLE_NS_ASSERTIONS = NO;
				ENABLE_STRICT_OBJC_MSGSEND = YES;
				ENABLE_USER_SCRIPT_SANDBOXING = YES;
				GCC_C_LANGUAGE_STANDARD = gnu17;
				GCC_NO_COMMON_BLOCKS = YES;
				GCC_WARN_64_TO_32_BIT_CONVERSION = YES;
				GCC_WARN_ABOUT_RETURN_TYPE = YES_ERROR;
				GCC_WARN_UNDECLARED_SELECTOR = YES;
				GCC_WARN_UNINITIALIZED_AUTOS = YES_AGGRESSIVE;
				GCC_WARN_UNUSED_FUNCTION = YES;
				GCC_WARN_UNUSED_VARIABLE = YES;
				IPHONEOS_DEPLOYMENT_TARGET = 17.5;
				LOCALIZATION_PREFERS_STRING_CATALOGS = YES;
				MTL_ENABLE_DEBUG_INFO = NO;
				MTL_FAST_MATH = YES;
				SDKROOT = iphoneos;
				SWIFT_COMPILATION_MODE = wholemodule;
				VALIDATE_PRODUCT = YES;
			};
			name = Release;
		};
		1D0244CF2CAF94CB00650293 /* Debug */ = {
			isa = XCBuildConfiguration;
			buildSettings = {
				ASSETCATALOG_COMPILER_APPICON_NAME = AppIcon;
				ASSETCATALOG_COMPILER_GLOBAL_ACCENT_COLOR_NAME = AccentColor;
				CODE_SIGN_STYLE = Automatic;
				CURRENT_PROJECT_VERSION = 1;
				DEVELOPMENT_TEAM = 7HTRP53WA3;
				GENERATE_INFOPLIST_FILE = YES;
				INFOPLIST_FILE = FootballApp/Info.plist;
				INFOPLIST_KEY_UIApplicationSupportsIndirectInputEvents = YES;
				INFOPLIST_KEY_UILaunchStoryboardName = LaunchScreen;
				INFOPLIST_KEY_UIMainStoryboardFile = Main;
				INFOPLIST_KEY_UISupportedInterfaceOrientations_iPad = "UIInterfaceOrientationPortrait UIInterfaceOrientationPortraitUpsideDown UIInterfaceOrientationLandscapeLeft UIInterfaceOrientationLandscapeRight";
				INFOPLIST_KEY_UISupportedInterfaceOrientations_iPhone = "UIInterfaceOrientationPortrait UIInterfaceOrientationLandscapeLeft UIInterfaceOrientationLandscapeRight";
				LD_RUNPATH_SEARCH_PATHS = (
					"$(inherited)",
					"@executable_path/Frameworks",
				);
				MARKETING_VERSION = 1.0;
				PRODUCT_BUNDLE_IDENTIFIER = com.Jhong.FootballApp;
				PRODUCT_NAME = "$(TARGET_NAME)";
				SWIFT_EMIT_LOC_STRINGS = YES;
				SWIFT_VERSION = 5.0;
				TARGETED_DEVICE_FAMILY = "1,2";
			};
			name = Debug;
		};
		1D0244D02CAF94CB00650293 /* Release */ = {
			isa = XCBuildConfiguration;
			buildSettings = {
				ASSETCATALOG_COMPILER_APPICON_NAME = AppIcon;
				ASSETCATALOG_COMPILER_GLOBAL_ACCENT_COLOR_NAME = AccentColor;
				CODE_SIGN_STYLE = Automatic;
				CURRENT_PROJECT_VERSION = 1;
				DEVELOPMENT_TEAM = 7HTRP53WA3;
				GENERATE_INFOPLIST_FILE = YES;
				INFOPLIST_FILE = FootballApp/Info.plist;
				INFOPLIST_KEY_UIApplicationSupportsIndirectInputEvents = YES;
				INFOPLIST_KEY_UILaunchStoryboardName = LaunchScreen;
				INFOPLIST_KEY_UIMainStoryboardFile = Main;
				INFOPLIST_KEY_UISupportedInterfaceOrientations_iPad = "UIInterfaceOrientationPortrait UIInterfaceOrientationPortraitUpsideDown UIInterfaceOrientationLandscapeLeft UIInterfaceOrientationLandscapeRight";
				INFOPLIST_KEY_UISupportedInterfaceOrientations_iPhone = "UIInterfaceOrientationPortrait UIInterfaceOrientationLandscapeLeft UIInterfaceOrientationLandscapeRight";
				LD_RUNPATH_SEARCH_PATHS = (
					"$(inherited)",
					"@executable_path/Frameworks",
				);
				MARKETING_VERSION = 1.0;
				PRODUCT_BUNDLE_IDENTIFIER = com.Jhong.FootballApp;
				PRODUCT_NAME = "$(TARGET_NAME)";
				SWIFT_EMIT_LOC_STRINGS = YES;
				SWIFT_VERSION = 5.0;
				TARGETED_DEVICE_FAMILY = "1,2";
			};
			name = Release;
		};
/* End XCBuildConfiguration section */

/* Begin XCConfigurationList section */
		1D0244B52CAF94C900650293 /* Build configuration list for PBXProject "FootballApp" */ = {
			isa = XCConfigurationList;
			buildConfigurations = (
				1D0244CC2CAF94CB00650293 /* Debug */,
				1D0244CD2CAF94CB00650293 /* Release */,
			);
			defaultConfigurationIsVisible = 0;
			defaultConfigurationName = Release;
		};
		1D0244CE2CAF94CB00650293 /* Build configuration list for PBXNativeTarget "FootballApp" */ = {
			isa = XCConfigurationList;
			buildConfigurations = (
				1D0244CF2CAF94CB00650293 /* Debug */,
				1D0244D02CAF94CB00650293 /* Release */,
			);
			defaultConfigurationIsVisible = 0;
			defaultConfigurationName = Release;
		};
/* End XCConfigurationList section */
	};
	rootObject = 1D0244B22CAF94C900650293 /* Project object */;
}
