// !$*UTF8*$!
{
	archiveVersion = 1;
	classes = {
	};
	objectVersion = 56;
	objects = {

/* Begin PBXBuildFile section */
		1D0244BE2CAF94C900650293 /* AppDelegate.swift in Sources */ = {isa = PBXBuildFile; fileRef = 1D0244BD2CAF94C900650293 /* AppDelegate.swift */; };
		1D0244C02CAF94C900650293 /* SceneDelegate.swift in Sources */ = {isa = PBXBuildFile; fileRef = 1D0244BF2CAF94C900650293 /* SceneDelegate.swift */; };
		1D0244C52CAF94C900650293 /* Base in Resources */ = {isa = PBXBuildFile; fileRef = 1D0244C42CAF94C900650293 /* Base */; };
		1D0244C72CAF94CB00650293 /* Assets.xcassets in Resources */ = {isa = PBXBuildFile; fileRef = 1D0244C62CAF94CB00650293 /* Assets.xcassets */; };
		1D0244CA2CAF94CB00650293 /* Base in Resources */ = {isa = PBXBuildFile; fileRef = 1D0244C92CAF94CB00650293 /* Base */; };
		1D0244D62CAF9B9900650293 /* GameViewController.swift in Sources */ = {isa = PBXBuildFile; fileRef = 1D0244D52CAF9B9900650293 /* GameViewController.swift */; };
		1D0244ED2CB0DC1000650293 /* MatchResultViewController.swift in Sources */ = {isa = PBXBuildFile; fileRef = 1D0244EC2CB0DC1000650293 /* MatchResultViewController.swift */; };
		1D0244EF2CB0DC6B00650293 /* GoalsPlayerViewController.swift in Sources */ = {isa = PBXBuildFile; fileRef = 1D0244EE2CB0DC6B00650293 /* GoalsPlayerViewController.swift */; };
		1D0244F12CB0DCA100650293 /* AssistsPlayerViewController.swift in Sources */ = {isa = PBXBuildFile; fileRef = 1D0244F02CB0DCA100650293 /* AssistsPlayerViewController.swift */; };
		1D0244F32CB0E04500650293 /* UpcomingMatchViewController.swift in Sources */ = {isa = PBXBuildFile; fileRef = 1D0244F22CB0E04500650293 /* UpcomingMatchViewController.swift */; };
		1D0244F62CB0EF3000650293 /* MatchTableViewCell.swift in Sources */ = {isa = PBXBuildFile; fileRef = 1D0244F52CB0EF3000650293 /* MatchTableViewCell.swift */; };
		1D0244F82CB0FC3D00650293 /* NetworkProvider.swift in Sources */ = {isa = PBXBuildFile; fileRef = 1D0244F72CB0FC3D00650293 /* NetworkProvider.swift */; };
		1D0245022CB0FD9E00650293 /* PlayerRankingResponse.swift in Sources */ = {isa = PBXBuildFile; fileRef = 1D0245012CB0FD9E00650293 /* PlayerRankingResponse.swift */; };
		1D02450A2CB1046500650293 /* TeamRankingViewController.swift in Sources */ = {isa = PBXBuildFile; fileRef = 1D0245092CB1046500650293 /* TeamRankingViewController.swift */; };
		1D02450C2CB1175500650293 /* TeamRankingTableViewCell.swift in Sources */ = {isa = PBXBuildFile; fileRef = 1D02450B2CB1175500650293 /* TeamRankingTableViewCell.swift */; };
		1D02450E2CB1178C00650293 /* GoalsRankingTableViewCell.swift in Sources */ = {isa = PBXBuildFile; fileRef = 1D02450D2CB1178C00650293 /* GoalsRankingTableViewCell.swift */; };
		1D0245102CB1179800650293 /* AssistsRankingTableViewCell.swift in Sources */ = {isa = PBXBuildFile; fileRef = 1D02450F2CB1179800650293 /* AssistsRankingTableViewCell.swift */; };
		1D0245122CB2E56B00650293 /* StandingsModel.swift in Sources */ = {isa = PBXBuildFile; fileRef = 1D0245112CB2E56B00650293 /* StandingsModel.swift */; };
		1D0245142CB440E100650293 /* TeamAbbreviations.swift in Sources */ = {isa = PBXBuildFile; fileRef = 1D0245132CB440E100650293 /* TeamAbbreviations.swift */; };
		1D0245262CB8D19400650293 /* FootballNetworkService.swift in Sources */ = {isa = PBXBuildFile; fileRef = 1D0245252CB8D19400650293 /* FootballNetworkService.swift */; };
		1D0245282CB8DC2300650293 /* Const.swift in Sources */ = {isa = PBXBuildFile; fileRef = 1D0245272CB8DC2300650293 /* Const.swift */; };
		1D02452E2CB92F6600650293 /* NavigationTitleUtility.swift in Sources */ = {isa = PBXBuildFile; fileRef = 1D02452D2CB92F6600650293 /* NavigationTitleUtility.swift */; };
		1D0245312CB9308000650293 /* UIImageView+Extension.swift in Sources */ = {isa = PBXBuildFile; fileRef = 1D0245302CB9308000650293 /* UIImageView+Extension.swift */; };
		1D0245332CB932A800650293 /* UIColor+CustomColors.swift in Sources */ = {isa = PBXBuildFile; fileRef = 1D0245322CB932A800650293 /* UIColor+CustomColors.swift */; };
		1D0245352CB9385A00650293 /* UILabel+Extension.swift in Sources */ = {isa = PBXBuildFile; fileRef = 1D0245342CB9385A00650293 /* UILabel+Extension.swift */; };
		1D0245372CBA545D00650293 /* ImageCacheManager.swift in Sources */ = {isa = PBXBuildFile; fileRef = 1D0245362CBA545D00650293 /* ImageCacheManager.swift */; };
		1D02453F2CBCACB200650293 /* LoadingIndicatorView.swift in Sources */ = {isa = PBXBuildFile; fileRef = 1D02453E2CBCACB200650293 /* LoadingIndicatorView.swift */; };
		1D0245432CBCCCF200650293 /* RoundTabCollectionViewCell.swift in Sources */ = {isa = PBXBuildFile; fileRef = 1D0245422CBCCCF200650293 /* RoundTabCollectionViewCell.swift */; };
		1D61933F2CBFE4A6003E4CD3 /* TeamColors.swift in Sources */ = {isa = PBXBuildFile; fileRef = 1D61933E2CBFE4A6003E4CD3 /* TeamColors.swift */; };
		1D6193482CC2C376003E4CD3 /* TeamInfoResponse.swift in Sources */ = {isa = PBXBuildFile; fileRef = 1D6193472CC2C376003E4CD3 /* TeamInfoResponse.swift */; };
		1D6193872CC6218B003E4CD3 /* PlayerInformationViewController.swift in Sources */ = {isa = PBXBuildFile; fileRef = 1D6193862CC6218B003E4CD3 /* PlayerInformationViewController.swift */; };
		1D6193892CC621E4003E4CD3 /* ScrollDelegate.swift in Sources */ = {isa = PBXBuildFile; fileRef = 1D6193882CC621E4003E4CD3 /* ScrollDelegate.swift */; };
		1D61938D2CC633AB003E4CD3 /* MatchResultInformationViewController.swift in Sources */ = {isa = PBXBuildFile; fileRef = 1D61938C2CC633AB003E4CD3 /* MatchResultInformationViewController.swift */; };
		1D6193902CC639BB003E4CD3 /* TeamRankingInformationViewController.swift in Sources */ = {isa = PBXBuildFile; fileRef = 1D61938F2CC639BB003E4CD3 /* TeamRankingInformationViewController.swift */; };
		1D6193922CC63FB0003E4CD3 /* UpcomingMatchInformationViewController.swift in Sources */ = {isa = PBXBuildFile; fileRef = 1D6193912CC63FB0003E4CD3 /* UpcomingMatchInformationViewController.swift */; };
		1D6193942CC69797003E4CD3 /* TeamNextMatchViewController.swift in Sources */ = {isa = PBXBuildFile; fileRef = 1D6193932CC69797003E4CD3 /* TeamNextMatchViewController.swift */; };
		1D6193962CC697FF003E4CD3 /* TeamPreviousMatchViewController.swift in Sources */ = {isa = PBXBuildFile; fileRef = 1D6193952CC697FF003E4CD3 /* TeamPreviousMatchViewController.swift */; };
		1D6193982CC6B0E5003E4CD3 /* PlayerProfileViewController.swift in Sources */ = {isa = PBXBuildFile; fileRef = 1D6193972CC6B0E5003E4CD3 /* PlayerProfileViewController.swift */; };
		1D61939A2CC775E1003E4CD3 /* PlayerProfileResponse.swift in Sources */ = {isa = PBXBuildFile; fileRef = 1D6193992CC775E1003E4CD3 /* PlayerProfileResponse.swift */; };
		1D61939C2CC77A3B003E4CD3 /* PlayerProfileTableViewCell.swift in Sources */ = {isa = PBXBuildFile; fileRef = 1D61939B2CC77A3B003E4CD3 /* PlayerProfileTableViewCell.swift */; };
		1D61939E2CC79404003E4CD3 /* PlayerTransfersResponse.swift in Sources */ = {isa = PBXBuildFile; fileRef = 1D61939D2CC79404003E4CD3 /* PlayerTransfersResponse.swift */; };
		1D6193A02CC79730003E4CD3 /* PlayerTransferViewController.swift in Sources */ = {isa = PBXBuildFile; fileRef = 1D61939F2CC79730003E4CD3 /* PlayerTransferViewController.swift */; };
		1D6193A22CC79B38003E4CD3 /* PlayerTransferTableViewCell.swift in Sources */ = {isa = PBXBuildFile; fileRef = 1D6193A12CC79B38003E4CD3 /* PlayerTransferTableViewCell.swift */; };
		1D6193A92CC8D74E003E4CD3 /* PlayerStatsViewController.swift in Sources */ = {isa = PBXBuildFile; fileRef = 1D6193A82CC8D74E003E4CD3 /* PlayerStatsViewController.swift */; };
		1D6193AD2CC9317E003E4CD3 /* PlayerStatsTableViewCell.swift in Sources */ = {isa = PBXBuildFile; fileRef = 1D6193AC2CC9317E003E4CD3 /* PlayerStatsTableViewCell.swift */; };
		1D6193B12CC94712003E4CD3 /* HeadToHeadViewController.swift in Sources */ = {isa = PBXBuildFile; fileRef = 1D6193B02CC94712003E4CD3 /* HeadToHeadViewController.swift */; };
		1D6193B32CCBCADC003E4CD3 /* FixtureModel.swift in Sources */ = {isa = PBXBuildFile; fileRef = 1D6193B22CCBCADC003E4CD3 /* FixtureModel.swift */; };
		1D6193B52CCBCE50003E4CD3 /* MatchSummaryViewController.swift in Sources */ = {isa = PBXBuildFile; fileRef = 1D6193B42CCBCE50003E4CD3 /* MatchSummaryViewController.swift */; };
		1D6193B72CCF6DF0003E4CD3 /* MatchSummaryTableViewCell.swift in Sources */ = {isa = PBXBuildFile; fileRef = 1D6193B62CCF6DF0003E4CD3 /* MatchSummaryTableViewCell.swift */; };
		1D6193B92CCF835A003E4CD3 /* SquadViewController.swift in Sources */ = {isa = PBXBuildFile; fileRef = 1D6193B82CCF835A003E4CD3 /* SquadViewController.swift */; };
		1D6193BB2CCF8557003E4CD3 /* SquadTableViewCell.swift in Sources */ = {isa = PBXBuildFile; fileRef = 1D6193BA2CCF8557003E4CD3 /* SquadTableViewCell.swift */; };
		1D6193BD2CCFEBFD003E4CD3 /* StatisticsViewController.swift in Sources */ = {isa = PBXBuildFile; fileRef = 1D6193BC2CCFEBFD003E4CD3 /* StatisticsViewController.swift */; };
		1D6193BF2CCFEC60003E4CD3 /* StatisticsTableViewCell.swift in Sources */ = {isa = PBXBuildFile; fileRef = 1D6193BE2CCFEC60003E4CD3 /* StatisticsTableViewCell.swift */; };
		1D6193C12CD34E63003E4CD3 /* Date+Extension.swift in Sources */ = {isa = PBXBuildFile; fileRef = 1D6193C02CD34E63003E4CD3 /* Date+Extension.swift */; };
		1D6193C32CD35651003E4CD3 /* StatisticsMapping.swift in Sources */ = {isa = PBXBuildFile; fileRef = 1D6193C22CD35651003E4CD3 /* StatisticsMapping.swift */; };
		1D6193C52CD467B3003E4CD3 /* TeamSquadViewController.swift in Sources */ = {isa = PBXBuildFile; fileRef = 1D6193C42CD467B3003E4CD3 /* TeamSquadViewController.swift */; };
		1D6193C72CD46C4A003E4CD3 /* CoachResponse.swift in Sources */ = {isa = PBXBuildFile; fileRef = 1D6193C62CD46C4A003E4CD3 /* CoachResponse.swift */; };
		1D6193C92CD46D35003E4CD3 /* SquadResponse.swift in Sources */ = {isa = PBXBuildFile; fileRef = 1D6193C82CD46D35003E4CD3 /* SquadResponse.swift */; };
		1D6193CB2CD4708E003E4CD3 /* TeamSquadTableViewCell.swift in Sources */ = {isa = PBXBuildFile; fileRef = 1D6193CA2CD4708E003E4CD3 /* TeamSquadTableViewCell.swift */; };
		1D6193CD2CD60C48003E4CD3 /* TeamCoachTableViewCell.swift in Sources */ = {isa = PBXBuildFile; fileRef = 1D6193CC2CD60C48003E4CD3 /* TeamCoachTableViewCell.swift */; };
/* End PBXBuildFile section */

/* Begin PBXFileReference section */
		1D0244BA2CAF94C900650293 /* FootballApp.app */ = {isa = PBXFileReference; explicitFileType = wrapper.application; includeInIndex = 0; path = FootballApp.app; sourceTree = BUILT_PRODUCTS_DIR; };
		1D0244BD2CAF94C900650293 /* AppDelegate.swift */ = {isa = PBXFileReference; lastKnownFileType = sourcecode.swift; path = AppDelegate.swift; sourceTree = "<group>"; };
		1D0244BF2CAF94C900650293 /* SceneDelegate.swift */ = {isa = PBXFileReference; lastKnownFileType = sourcecode.swift; path = SceneDelegate.swift; sourceTree = "<group>"; };
		1D0244C42CAF94C900650293 /* Base */ = {isa = PBXFileReference; lastKnownFileType = file.storyboard; name = Base; path = Base.lproj/Main.storyboard; sourceTree = "<group>"; };
		1D0244C62CAF94CB00650293 /* Assets.xcassets */ = {isa = PBXFileReference; lastKnownFileType = folder.assetcatalog; path = Assets.xcassets; sourceTree = "<group>"; };
		1D0244C92CAF94CB00650293 /* Base */ = {isa = PBXFileReference; lastKnownFileType = file.storyboard; name = Base; path = Base.lproj/LaunchScreen.storyboard; sourceTree = "<group>"; };
		1D0244CB2CAF94CB00650293 /* Info.plist */ = {isa = PBXFileReference; lastKnownFileType = text.plist.xml; path = Info.plist; sourceTree = "<group>"; };
		1D0244D52CAF9B9900650293 /* GameViewController.swift */ = {isa = PBXFileReference; lastKnownFileType = sourcecode.swift; path = GameViewController.swift; sourceTree = "<group>"; };
		1D0244EC2CB0DC1000650293 /* MatchResultViewController.swift */ = {isa = PBXFileReference; lastKnownFileType = sourcecode.swift; path = MatchResultViewController.swift; sourceTree = "<group>"; };
		1D0244EE2CB0DC6B00650293 /* GoalsPlayerViewController.swift */ = {isa = PBXFileReference; lastKnownFileType = sourcecode.swift; path = GoalsPlayerViewController.swift; sourceTree = "<group>"; };
		1D0244F02CB0DCA100650293 /* AssistsPlayerViewController.swift */ = {isa = PBXFileReference; lastKnownFileType = sourcecode.swift; path = AssistsPlayerViewController.swift; sourceTree = "<group>"; };
		1D0244F22CB0E04500650293 /* UpcomingMatchViewController.swift */ = {isa = PBXFileReference; lastKnownFileType = sourcecode.swift; path = UpcomingMatchViewController.swift; sourceTree = "<group>"; };
		1D0244F52CB0EF3000650293 /* MatchTableViewCell.swift */ = {isa = PBXFileReference; lastKnownFileType = sourcecode.swift; path = MatchTableViewCell.swift; sourceTree = "<group>"; };
		1D0244F72CB0FC3D00650293 /* NetworkProvider.swift */ = {isa = PBXFileReference; lastKnownFileType = sourcecode.swift; path = NetworkProvider.swift; sourceTree = "<group>"; };
		1D0245012CB0FD9E00650293 /* PlayerRankingResponse.swift */ = {isa = PBXFileReference; lastKnownFileType = sourcecode.swift; path = PlayerRankingResponse.swift; sourceTree = "<group>"; };
		1D0245092CB1046500650293 /* TeamRankingViewController.swift */ = {isa = PBXFileReference; lastKnownFileType = sourcecode.swift; path = TeamRankingViewController.swift; sourceTree = "<group>"; };
		1D02450B2CB1175500650293 /* TeamRankingTableViewCell.swift */ = {isa = PBXFileReference; lastKnownFileType = sourcecode.swift; path = TeamRankingTableViewCell.swift; sourceTree = "<group>"; };
		1D02450D2CB1178C00650293 /* GoalsRankingTableViewCell.swift */ = {isa = PBXFileReference; lastKnownFileType = sourcecode.swift; path = GoalsRankingTableViewCell.swift; sourceTree = "<group>"; };
		1D02450F2CB1179800650293 /* AssistsRankingTableViewCell.swift */ = {isa = PBXFileReference; lastKnownFileType = sourcecode.swift; path = AssistsRankingTableViewCell.swift; sourceTree = "<group>"; };
		1D0245112CB2E56B00650293 /* StandingsModel.swift */ = {isa = PBXFileReference; lastKnownFileType = sourcecode.swift; path = StandingsModel.swift; sourceTree = "<group>"; };
		1D0245132CB440E100650293 /* TeamAbbreviations.swift */ = {isa = PBXFileReference; lastKnownFileType = sourcecode.swift; path = TeamAbbreviations.swift; sourceTree = "<group>"; };
		1D0245252CB8D19400650293 /* FootballNetworkService.swift */ = {isa = PBXFileReference; lastKnownFileType = sourcecode.swift; path = FootballNetworkService.swift; sourceTree = "<group>"; };
		1D0245272CB8DC2300650293 /* Const.swift */ = {isa = PBXFileReference; lastKnownFileType = sourcecode.swift; path = Const.swift; sourceTree = "<group>"; };
		1D02452B2CB8E29800650293 /* Config.xcconfig */ = {isa = PBXFileReference; lastKnownFileType = text.xcconfig; path = Config.xcconfig; sourceTree = "<group>"; };
		1D02452D2CB92F6600650293 /* NavigationTitleUtility.swift */ = {isa = PBXFileReference; lastKnownFileType = sourcecode.swift; path = NavigationTitleUtility.swift; sourceTree = "<group>"; };
		1D0245302CB9308000650293 /* UIImageView+Extension.swift */ = {isa = PBXFileReference; lastKnownFileType = sourcecode.swift; path = "UIImageView+Extension.swift"; sourceTree = "<group>"; };
		1D0245322CB932A800650293 /* UIColor+CustomColors.swift */ = {isa = PBXFileReference; lastKnownFileType = sourcecode.swift; path = "UIColor+CustomColors.swift"; sourceTree = "<group>"; };
		1D0245342CB9385A00650293 /* UILabel+Extension.swift */ = {isa = PBXFileReference; lastKnownFileType = sourcecode.swift; path = "UILabel+Extension.swift"; sourceTree = "<group>"; };
		1D0245362CBA545D00650293 /* ImageCacheManager.swift */ = {isa = PBXFileReference; lastKnownFileType = sourcecode.swift; path = ImageCacheManager.swift; sourceTree = "<group>"; };
		1D02453B2CBA5AC100650293 /* FootballApp-Bridging-Header.h */ = {isa = PBXFileReference; lastKnownFileType = sourcecode.c.h; path = "FootballApp-Bridging-Header.h"; sourceTree = "<group>"; };
		1D02453E2CBCACB200650293 /* LoadingIndicatorView.swift */ = {isa = PBXFileReference; lastKnownFileType = sourcecode.swift; path = LoadingIndicatorView.swift; sourceTree = "<group>"; };
		1D0245422CBCCCF200650293 /* RoundTabCollectionViewCell.swift */ = {isa = PBXFileReference; lastKnownFileType = sourcecode.swift; path = RoundTabCollectionViewCell.swift; sourceTree = "<group>"; };
		1D61933E2CBFE4A6003E4CD3 /* TeamColors.swift */ = {isa = PBXFileReference; lastKnownFileType = sourcecode.swift; path = TeamColors.swift; sourceTree = "<group>"; };
		1D6193472CC2C376003E4CD3 /* TeamInfoResponse.swift */ = {isa = PBXFileReference; lastKnownFileType = sourcecode.swift; path = TeamInfoResponse.swift; sourceTree = "<group>"; };
		1D6193862CC6218B003E4CD3 /* PlayerInformationViewController.swift */ = {isa = PBXFileReference; lastKnownFileType = sourcecode.swift; path = PlayerInformationViewController.swift; sourceTree = "<group>"; };
		1D6193882CC621E4003E4CD3 /* ScrollDelegate.swift */ = {isa = PBXFileReference; lastKnownFileType = sourcecode.swift; path = ScrollDelegate.swift; sourceTree = "<group>"; };
		1D61938C2CC633AB003E4CD3 /* MatchResultInformationViewController.swift */ = {isa = PBXFileReference; lastKnownFileType = sourcecode.swift; path = MatchResultInformationViewController.swift; sourceTree = "<group>"; };
		1D61938F2CC639BB003E4CD3 /* TeamRankingInformationViewController.swift */ = {isa = PBXFileReference; lastKnownFileType = sourcecode.swift; path = TeamRankingInformationViewController.swift; sourceTree = "<group>"; };
		1D6193912CC63FB0003E4CD3 /* UpcomingMatchInformationViewController.swift */ = {isa = PBXFileReference; lastKnownFileType = sourcecode.swift; path = UpcomingMatchInformationViewController.swift; sourceTree = "<group>"; };
		1D6193932CC69797003E4CD3 /* TeamNextMatchViewController.swift */ = {isa = PBXFileReference; lastKnownFileType = sourcecode.swift; path = TeamNextMatchViewController.swift; sourceTree = "<group>"; };
		1D6193952CC697FF003E4CD3 /* TeamPreviousMatchViewController.swift */ = {isa = PBXFileReference; lastKnownFileType = sourcecode.swift; path = TeamPreviousMatchViewController.swift; sourceTree = "<group>"; };
		1D6193972CC6B0E5003E4CD3 /* PlayerProfileViewController.swift */ = {isa = PBXFileReference; lastKnownFileType = sourcecode.swift; path = PlayerProfileViewController.swift; sourceTree = "<group>"; };
		1D6193992CC775E1003E4CD3 /* PlayerProfileResponse.swift */ = {isa = PBXFileReference; lastKnownFileType = sourcecode.swift; path = PlayerProfileResponse.swift; sourceTree = "<group>"; };
		1D61939B2CC77A3B003E4CD3 /* PlayerProfileTableViewCell.swift */ = {isa = PBXFileReference; lastKnownFileType = sourcecode.swift; path = PlayerProfileTableViewCell.swift; sourceTree = "<group>"; };
		1D61939D2CC79404003E4CD3 /* PlayerTransfersResponse.swift */ = {isa = PBXFileReference; lastKnownFileType = sourcecode.swift; path = PlayerTransfersResponse.swift; sourceTree = "<group>"; };
		1D61939F2CC79730003E4CD3 /* PlayerTransferViewController.swift */ = {isa = PBXFileReference; lastKnownFileType = sourcecode.swift; path = PlayerTransferViewController.swift; sourceTree = "<group>"; };
		1D6193A12CC79B38003E4CD3 /* PlayerTransferTableViewCell.swift */ = {isa = PBXFileReference; lastKnownFileType = sourcecode.swift; path = PlayerTransferTableViewCell.swift; sourceTree = "<group>"; };
		1D6193A82CC8D74E003E4CD3 /* PlayerStatsViewController.swift */ = {isa = PBXFileReference; lastKnownFileType = sourcecode.swift; path = PlayerStatsViewController.swift; sourceTree = "<group>"; };
		1D6193AC2CC9317E003E4CD3 /* PlayerStatsTableViewCell.swift */ = {isa = PBXFileReference; lastKnownFileType = sourcecode.swift; path = PlayerStatsTableViewCell.swift; sourceTree = "<group>"; };
		1D6193B02CC94712003E4CD3 /* HeadToHeadViewController.swift */ = {isa = PBXFileReference; lastKnownFileType = sourcecode.swift; path = HeadToHeadViewController.swift; sourceTree = "<group>"; };
		1D6193B22CCBCADC003E4CD3 /* FixtureModel.swift */ = {isa = PBXFileReference; lastKnownFileType = sourcecode.swift; path = FixtureModel.swift; sourceTree = "<group>"; };
		1D6193B42CCBCE50003E4CD3 /* MatchSummaryViewController.swift */ = {isa = PBXFileReference; lastKnownFileType = sourcecode.swift; path = MatchSummaryViewController.swift; sourceTree = "<group>"; };
		1D6193B62CCF6DF0003E4CD3 /* MatchSummaryTableViewCell.swift */ = {isa = PBXFileReference; lastKnownFileType = sourcecode.swift; path = MatchSummaryTableViewCell.swift; sourceTree = "<group>"; };
		1D6193B82CCF835A003E4CD3 /* SquadViewController.swift */ = {isa = PBXFileReference; lastKnownFileType = sourcecode.swift; path = SquadViewController.swift; sourceTree = "<group>"; };
		1D6193BA2CCF8557003E4CD3 /* SquadTableViewCell.swift */ = {isa = PBXFileReference; lastKnownFileType = sourcecode.swift; path = SquadTableViewCell.swift; sourceTree = "<group>"; };
		1D6193BC2CCFEBFD003E4CD3 /* StatisticsViewController.swift */ = {isa = PBXFileReference; lastKnownFileType = sourcecode.swift; path = StatisticsViewController.swift; sourceTree = "<group>"; };
		1D6193BE2CCFEC60003E4CD3 /* StatisticsTableViewCell.swift */ = {isa = PBXFileReference; lastKnownFileType = sourcecode.swift; path = StatisticsTableViewCell.swift; sourceTree = "<group>"; };
		1D6193C02CD34E63003E4CD3 /* Date+Extension.swift */ = {isa = PBXFileReference; lastKnownFileType = sourcecode.swift; path = "Date+Extension.swift"; sourceTree = "<group>"; };
		1D6193C22CD35651003E4CD3 /* StatisticsMapping.swift */ = {isa = PBXFileReference; lastKnownFileType = sourcecode.swift; path = StatisticsMapping.swift; sourceTree = "<group>"; };
		1D6193C42CD467B3003E4CD3 /* TeamSquadViewController.swift */ = {isa = PBXFileReference; lastKnownFileType = sourcecode.swift; path = TeamSquadViewController.swift; sourceTree = "<group>"; };
		1D6193C62CD46C4A003E4CD3 /* CoachResponse.swift */ = {isa = PBXFileReference; lastKnownFileType = sourcecode.swift; path = CoachResponse.swift; sourceTree = "<group>"; };
		1D6193C82CD46D35003E4CD3 /* SquadResponse.swift */ = {isa = PBXFileReference; lastKnownFileType = sourcecode.swift; path = SquadResponse.swift; sourceTree = "<group>"; };
		1D6193CA2CD4708E003E4CD3 /* TeamSquadTableViewCell.swift */ = {isa = PBXFileReference; lastKnownFileType = sourcecode.swift; path = TeamSquadTableViewCell.swift; sourceTree = "<group>"; };
		1D6193CC2CD60C48003E4CD3 /* TeamCoachTableViewCell.swift */ = {isa = PBXFileReference; lastKnownFileType = sourcecode.swift; path = TeamCoachTableViewCell.swift; sourceTree = "<group>"; };
/* End PBXFileReference section */

/* Begin PBXFrameworksBuildPhase section */
		1D0244B72CAF94C900650293 /* Frameworks */ = {
			isa = PBXFrameworksBuildPhase;
			buildActionMask = 2147483647;
			files = (
			);
			runOnlyForDeploymentPostprocessing = 0;
		};
/* End PBXFrameworksBuildPhase section */

/* Begin PBXGroup section */
		1D0244B12CAF94C900650293 = {
			isa = PBXGroup;
			children = (
				1D02453B2CBA5AC100650293 /* FootballApp-Bridging-Header.h */,
				1D02452C2CB92F5000650293 /* Utils */,
				1D02452B2CB8E29800650293 /* Config.xcconfig */,
				1D0245272CB8DC2300650293 /* Const.swift */,
				1D0245132CB440E100650293 /* TeamAbbreviations.swift */,
				1D61933E2CBFE4A6003E4CD3 /* TeamColors.swift */,
				1D6193882CC621E4003E4CD3 /* ScrollDelegate.swift */,
				1D0244E52CAFA9B900650293 /* Delegates */,
				1D0244BC2CAF94C900650293 /* FootballApp */,
				1D0244BB2CAF94C900650293 /* Products */,
			);
			sourceTree = "<group>";
		};
		1D0244BB2CAF94C900650293 /* Products */ = {
			isa = PBXGroup;
			children = (
				1D0244BA2CAF94C900650293 /* FootballApp.app */,
			);
			name = Products;
			sourceTree = "<group>";
		};
		1D0244BC2CAF94C900650293 /* FootballApp */ = {
			isa = PBXGroup;
			children = (
				1D0244DD2CAFA10C00650293 /* Network */,
				1D0244E02CAFA6A300650293 /* Model */,
				1D0244E62CAFA9D300650293 /* Scenes */,
				1D0244C32CAF94C900650293 /* Main.storyboard */,
				1D0244C62CAF94CB00650293 /* Assets.xcassets */,
				1D0244C82CAF94CB00650293 /* LaunchScreen.storyboard */,
				1D0244CB2CAF94CB00650293 /* Info.plist */,
			);
			path = FootballApp;
			sourceTree = "<group>";
		};
		1D0244DD2CAFA10C00650293 /* Network */ = {
			isa = PBXGroup;
			children = (
				1D0244F72CB0FC3D00650293 /* NetworkProvider.swift */,
				1D0245252CB8D19400650293 /* FootballNetworkService.swift */,
			);
			path = Network;
			sourceTree = "<group>";
		};
		1D0244E02CAFA6A300650293 /* Model */ = {
			isa = PBXGroup;
			children = (
				1D6193B22CCBCADC003E4CD3 /* FixtureModel.swift */,
				1D0245012CB0FD9E00650293 /* PlayerRankingResponse.swift */,
				1D0245112CB2E56B00650293 /* StandingsModel.swift */,
				1D6193472CC2C376003E4CD3 /* TeamInfoResponse.swift */,
				1D6193992CC775E1003E4CD3 /* PlayerProfileResponse.swift */,
				1D61939D2CC79404003E4CD3 /* PlayerTransfersResponse.swift */,
				1D6193C62CD46C4A003E4CD3 /* CoachResponse.swift */,
				1D6193C82CD46D35003E4CD3 /* SquadResponse.swift */,
			);
			path = Model;
			sourceTree = "<group>";
		};
		1D0244E52CAFA9B900650293 /* Delegates */ = {
			isa = PBXGroup;
			children = (
				1D0244BD2CAF94C900650293 /* AppDelegate.swift */,
				1D0244BF2CAF94C900650293 /* SceneDelegate.swift */,
			);
			path = Delegates;
			sourceTree = "<group>";
		};
		1D0244E62CAFA9D300650293 /* Scenes */ = {
			isa = PBXGroup;
			children = (
				1D0244D52CAF9B9900650293 /* GameViewController.swift */,
				1D61938B2CC63080003E4CD3 /* TeamRanking */,
				1D61938A2CC63073003E4CD3 /* Match */,
				1D6193852CC620DD003E4CD3 /* Players */,
			);
			path = Scenes;
			sourceTree = "<group>";
		};
		1D02452C2CB92F5000650293 /* Utils */ = {
			isa = PBXGroup;
			children = (
				1D02452D2CB92F6600650293 /* NavigationTitleUtility.swift */,
				1D0245322CB932A800650293 /* UIColor+CustomColors.swift */,
				1D0245302CB9308000650293 /* UIImageView+Extension.swift */,
				1D0245342CB9385A00650293 /* UILabel+Extension.swift */,
				1D0245362CBA545D00650293 /* ImageCacheManager.swift */,
				1D02453E2CBCACB200650293 /* LoadingIndicatorView.swift */,
				1D6193C02CD34E63003E4CD3 /* Date+Extension.swift */,
				1D6193C22CD35651003E4CD3 /* StatisticsMapping.swift */,
			);
			path = Utils;
			sourceTree = "<group>";
		};
		1D6193852CC620DD003E4CD3 /* Players */ = {
			isa = PBXGroup;
			children = (
				1D6193A32CC79E71003E4CD3 /* cell */,
				1D0244EE2CB0DC6B00650293 /* GoalsPlayerViewController.swift */,
				1D0244F02CB0DCA100650293 /* AssistsPlayerViewController.swift */,
				1D6193862CC6218B003E4CD3 /* PlayerInformationViewController.swift */,
				1D6193CF2CD9C433003E4CD3 /* Segment */,
			);
			path = Players;
			sourceTree = "<group>";
		};
		1D61938A2CC63073003E4CD3 /* Match */ = {
			isa = PBXGroup;
			children = (
				1D6193A52CC79F33003E4CD3 /* cell */,
				1D6193AE2CC93ADB003E4CD3 /* Result */,
				1D6193AF2CC93AE9003E4CD3 /* Upcoming */,
				1D6193D02CD9C48F003E4CD3 /* Segment */,
			);
			path = Match;
			sourceTree = "<group>";
		};
		1D61938B2CC63080003E4CD3 /* TeamRanking */ = {
			isa = PBXGroup;
			children = (
				1D6193A42CC79E8B003E4CD3 /* cell */,
				1D0245092CB1046500650293 /* TeamRankingViewController.swift */,
				1D61938F2CC639BB003E4CD3 /* TeamRankingInformationViewController.swift */,
				1D6193CE2CD9C411003E4CD3 /* Segment */,
			);
			path = TeamRanking;
			sourceTree = "<group>";
		};
		1D6193A32CC79E71003E4CD3 /* cell */ = {
			isa = PBXGroup;
			children = (
				1D61939B2CC77A3B003E4CD3 /* PlayerProfileTableViewCell.swift */,
				1D6193A12CC79B38003E4CD3 /* PlayerTransferTableViewCell.swift */,
				1D6193AC2CC9317E003E4CD3 /* PlayerStatsTableViewCell.swift */,
				1D02450D2CB1178C00650293 /* GoalsRankingTableViewCell.swift */,
				1D02450F2CB1179800650293 /* AssistsRankingTableViewCell.swift */,
			);
			path = cell;
			sourceTree = "<group>";
		};
		1D6193A42CC79E8B003E4CD3 /* cell */ = {
			isa = PBXGroup;
			children = (
				1D02450B2CB1175500650293 /* TeamRankingTableViewCell.swift */,
				1D6193CA2CD4708E003E4CD3 /* TeamSquadTableViewCell.swift */,
				1D6193CC2CD60C48003E4CD3 /* TeamCoachTableViewCell.swift */,
			);
			path = cell;
			sourceTree = "<group>";
		};
		1D6193A52CC79F33003E4CD3 /* cell */ = {
			isa = PBXGroup;
			children = (
				1D0244F52CB0EF3000650293 /* MatchTableViewCell.swift */,
				1D0245422CBCCCF200650293 /* RoundTabCollectionViewCell.swift */,
				1D6193B62CCF6DF0003E4CD3 /* MatchSummaryTableViewCell.swift */,
				1D6193BA2CCF8557003E4CD3 /* SquadTableViewCell.swift */,
				1D6193BE2CCFEC60003E4CD3 /* StatisticsTableViewCell.swift */,
			);
			path = cell;
			sourceTree = "<group>";
		};
		1D6193AE2CC93ADB003E4CD3 /* Result */ = {
			isa = PBXGroup;
			children = (
				1D0244EC2CB0DC1000650293 /* MatchResultViewController.swift */,
				1D61938C2CC633AB003E4CD3 /* MatchResultInformationViewController.swift */,
			);
			path = Result;
			sourceTree = "<group>";
		};
		1D6193AF2CC93AE9003E4CD3 /* Upcoming */ = {
			isa = PBXGroup;
			children = (
				1D0244F22CB0E04500650293 /* UpcomingMatchViewController.swift */,
				1D6193912CC63FB0003E4CD3 /* UpcomingMatchInformationViewController.swift */,
			);
			path = Upcoming;
			sourceTree = "<group>";
		};
		1D6193CE2CD9C411003E4CD3 /* Segment */ = {
			isa = PBXGroup;
			children = (
				1D6193C42CD467B3003E4CD3 /* TeamSquadViewController.swift */,
				1D6193932CC69797003E4CD3 /* TeamNextMatchViewController.swift */,
				1D6193952CC697FF003E4CD3 /* TeamPreviousMatchViewController.swift */,
			);
			path = Segment;
			sourceTree = "<group>";
		};
		1D6193CF2CD9C433003E4CD3 /* Segment */ = {
			isa = PBXGroup;
			children = (
				1D6193972CC6B0E5003E4CD3 /* PlayerProfileViewController.swift */,
				1D6193A82CC8D74E003E4CD3 /* PlayerStatsViewController.swift */,
				1D61939F2CC79730003E4CD3 /* PlayerTransferViewController.swift */,
			);
			path = Segment;
			sourceTree = "<group>";
		};
		1D6193D02CD9C48F003E4CD3 /* Segment */ = {
			isa = PBXGroup;
			children = (
				1D6193B42CCBCE50003E4CD3 /* MatchSummaryViewController.swift */,
				1D6193B82CCF835A003E4CD3 /* SquadViewController.swift */,
				1D6193BC2CCFEBFD003E4CD3 /* StatisticsViewController.swift */,
				1D6193B02CC94712003E4CD3 /* HeadToHeadViewController.swift */,
			);
			path = Segment;
			sourceTree = "<group>";
		};
/* End PBXGroup section */

/* Begin PBXNativeTarget section */
		1D0244B92CAF94C900650293 /* FootballApp */ = {
			isa = PBXNativeTarget;
			buildConfigurationList = 1D0244CE2CAF94CB00650293 /* Build configuration list for PBXNativeTarget "FootballApp" */;
			buildPhases = (
				1D0244B62CAF94C900650293 /* Sources */,
				1D0244B72CAF94C900650293 /* Frameworks */,
				1D0244B82CAF94C900650293 /* Resources */,
			);
			buildRules = (
			);
			dependencies = (
			);
			name = FootballApp;
			productName = FootballApp;
			productReference = 1D0244BA2CAF94C900650293 /* FootballApp.app */;
			productType = "com.apple.product-type.application";
		};
/* End PBXNativeTarget section */

/* Begin PBXProject section */
		1D0244B22CAF94C900650293 /* Project object */ = {
			isa = PBXProject;
			attributes = {
				BuildIndependentTargetsInParallel = 1;
				LastSwiftUpdateCheck = 1540;
				LastUpgradeCheck = 1540;
				TargetAttributes = {
					1D0244B92CAF94C900650293 = {
						CreatedOnToolsVersion = 15.4;
					};
				};
			};
			buildConfigurationList = 1D0244B52CAF94C900650293 /* Build configuration list for PBXProject "FootballApp" */;
			compatibilityVersion = "Xcode 14.0";
			developmentRegion = en;
			hasScannedForEncodings = 0;
			knownRegions = (
				en,
				Base,
			);
			mainGroup = 1D0244B12CAF94C900650293;
			productRefGroup = 1D0244BB2CAF94C900650293 /* Products */;
			projectDirPath = "";
			projectRoot = "";
			targets = (
				1D0244B92CAF94C900650293 /* FootballApp */,
			);
		};
/* End PBXProject section */

/* Begin PBXResourcesBuildPhase section */
		1D0244B82CAF94C900650293 /* Resources */ = {
			isa = PBXResourcesBuildPhase;
			buildActionMask = 2147483647;
			files = (
				1D0244C72CAF94CB00650293 /* Assets.xcassets in Resources */,
				1D0244CA2CAF94CB00650293 /* Base in Resources */,
				1D0244C52CAF94C900650293 /* Base in Resources */,
			);
			runOnlyForDeploymentPostprocessing = 0;
		};
/* End PBXResourcesBuildPhase section */

/* Begin PBXSourcesBuildPhase section */
		1D0244B62CAF94C900650293 /* Sources */ = {
			isa = PBXSourcesBuildPhase;
			buildActionMask = 2147483647;
			files = (
				1D6193942CC69797003E4CD3 /* TeamNextMatchViewController.swift in Sources */,
				1D0244EF2CB0DC6B00650293 /* GoalsPlayerViewController.swift in Sources */,
				1D61939A2CC775E1003E4CD3 /* PlayerProfileResponse.swift in Sources */,
				1D0245282CB8DC2300650293 /* Const.swift in Sources */,
				1D0245142CB440E100650293 /* TeamAbbreviations.swift in Sources */,
				1D6193CD2CD60C48003E4CD3 /* TeamCoachTableViewCell.swift in Sources */,
				1D0245432CBCCCF200650293 /* RoundTabCollectionViewCell.swift in Sources */,
				1D0245372CBA545D00650293 /* ImageCacheManager.swift in Sources */,
				1D6193AD2CC9317E003E4CD3 /* PlayerStatsTableViewCell.swift in Sources */,
				1D6193BB2CCF8557003E4CD3 /* SquadTableViewCell.swift in Sources */,
				1D0245102CB1179800650293 /* AssistsRankingTableViewCell.swift in Sources */,
				1D6193B52CCBCE50003E4CD3 /* MatchSummaryViewController.swift in Sources */,
				1D6193982CC6B0E5003E4CD3 /* PlayerProfileViewController.swift in Sources */,
				1D0245352CB9385A00650293 /* UILabel+Extension.swift in Sources */,
				1D02450C2CB1175500650293 /* TeamRankingTableViewCell.swift in Sources */,
				1D6193872CC6218B003E4CD3 /* PlayerInformationViewController.swift in Sources */,
				1D6193C92CD46D35003E4CD3 /* SquadResponse.swift in Sources */,
				1D61939E2CC79404003E4CD3 /* PlayerTransfersResponse.swift in Sources */,
				1D0244F32CB0E04500650293 /* UpcomingMatchViewController.swift in Sources */,
				1D6193A22CC79B38003E4CD3 /* PlayerTransferTableViewCell.swift in Sources */,
				1D0244F12CB0DCA100650293 /* AssistsPlayerViewController.swift in Sources */,
				1D6193902CC639BB003E4CD3 /* TeamRankingInformationViewController.swift in Sources */,
				1D6193B92CCF835A003E4CD3 /* SquadViewController.swift in Sources */,
				1D0244BE2CAF94C900650293 /* AppDelegate.swift in Sources */,
				1D02450E2CB1178C00650293 /* GoalsRankingTableViewCell.swift in Sources */,
				1D6193BD2CCFEBFD003E4CD3 /* StatisticsViewController.swift in Sources */,
				1D61933F2CBFE4A6003E4CD3 /* TeamColors.swift in Sources */,
				1D6193B72CCF6DF0003E4CD3 /* MatchSummaryTableViewCell.swift in Sources */,
				1D0245262CB8D19400650293 /* FootballNetworkService.swift in Sources */,
				1D02453F2CBCACB200650293 /* LoadingIndicatorView.swift in Sources */,
				1D02450A2CB1046500650293 /* TeamRankingViewController.swift in Sources */,
				1D0244ED2CB0DC1000650293 /* MatchResultViewController.swift in Sources */,
				1D6193B12CC94712003E4CD3 /* HeadToHeadViewController.swift in Sources */,
				1D02452E2CB92F6600650293 /* NavigationTitleUtility.swift in Sources */,
				1D0244F62CB0EF3000650293 /* MatchTableViewCell.swift in Sources */,
				1D6193C72CD46C4A003E4CD3 /* CoachResponse.swift in Sources */,
				1D6193CB2CD4708E003E4CD3 /* TeamSquadTableViewCell.swift in Sources */,
				1D6193A02CC79730003E4CD3 /* PlayerTransferViewController.swift in Sources */,
				1D6193892CC621E4003E4CD3 /* ScrollDelegate.swift in Sources */,
				1D6193482CC2C376003E4CD3 /* TeamInfoResponse.swift in Sources */,
				1D6193C12CD34E63003E4CD3 /* Date+Extension.swift in Sources */,
				1D0244F82CB0FC3D00650293 /* NetworkProvider.swift in Sources */,
				1D0245022CB0FD9E00650293 /* PlayerRankingResponse.swift in Sources */,
				1D6193C32CD35651003E4CD3 /* StatisticsMapping.swift in Sources */,
				1D6193BF2CCFEC60003E4CD3 /* StatisticsTableViewCell.swift in Sources */,
				1D0244D62CAF9B9900650293 /* GameViewController.swift in Sources */,
				1D6193B32CCBCADC003E4CD3 /* FixtureModel.swift in Sources */,
				1D0245332CB932A800650293 /* UIColor+CustomColors.swift in Sources */,
				1D6193C52CD467B3003E4CD3 /* TeamSquadViewController.swift in Sources */,
				1D0244C02CAF94C900650293 /* SceneDelegate.swift in Sources */,
				1D0245312CB9308000650293 /* UIImageView+Extension.swift in Sources */,
				1D6193A92CC8D74E003E4CD3 /* PlayerStatsViewController.swift in Sources */,
				1D0245122CB2E56B00650293 /* StandingsModel.swift in Sources */,
				1D6193962CC697FF003E4CD3 /* TeamPreviousMatchViewController.swift in Sources */,
				1D6193922CC63FB0003E4CD3 /* UpcomingMatchInformationViewController.swift in Sources */,
				1D61939C2CC77A3B003E4CD3 /* PlayerProfileTableViewCell.swift in Sources */,
				1D61938D2CC633AB003E4CD3 /* MatchResultInformationViewController.swift in Sources */,
			);
			runOnlyForDeploymentPostprocessing = 0;
		};
/* End PBXSourcesBuildPhase section */

/* Begin PBXVariantGroup section */
		1D0244C32CAF94C900650293 /* Main.storyboard */ = {
			isa = PBXVariantGroup;
			children = (
				1D0244C42CAF94C900650293 /* Base */,
			);
			name = Main.storyboard;
			sourceTree = "<group>";
		};
		1D0244C82CAF94CB00650293 /* LaunchScreen.storyboard */ = {
			isa = PBXVariantGroup;
			children = (
				1D0244C92CAF94CB00650293 /* Base */,
			);
			name = LaunchScreen.storyboard;
			sourceTree = "<group>";
		};
/* End PBXVariantGroup section */

/* Begin XCBuildConfiguration section */
		1D0244CC2CAF94CB00650293 /* Debug */ = {
			isa = XCBuildConfiguration;
			buildSettings = {
				ALWAYS_SEARCH_USER_PATHS = NO;
				ASSETCATALOG_COMPILER_GENERATE_SWIFT_ASSET_SYMBOL_EXTENSIONS = YES;
				CLANG_ANALYZER_NONNULL = YES;
				CLANG_ANALYZER_NUMBER_OBJECT_CONVERSION = YES_AGGRESSIVE;
				CLANG_CXX_LANGUAGE_STANDARD = "gnu++20";
				CLANG_ENABLE_MODULES = YES;
				CLANG_ENABLE_OBJC_ARC = YES;
				CLANG_ENABLE_OBJC_WEAK = YES;
				CLANG_WARN_BLOCK_CAPTURE_AUTORELEASING = YES;
				CLANG_WARN_BOOL_CONVERSION = YES;
				CLANG_WARN_COMMA = YES;
				CLANG_WARN_CONSTANT_CONVERSION = YES;
				CLANG_WARN_DEPRECATED_OBJC_IMPLEMENTATIONS = YES;
				CLANG_WARN_DIRECT_OBJC_ISA_USAGE = YES_ERROR;
				CLANG_WARN_DOCUMENTATION_COMMENTS = YES;
				CLANG_WARN_EMPTY_BODY = YES;
				CLANG_WARN_ENUM_CONVERSION = YES;
				CLANG_WARN_INFINITE_RECURSION = YES;
				CLANG_WARN_INT_CONVERSION = YES;
				CLANG_WARN_NON_LITERAL_NULL_CONVERSION = YES;
				CLANG_WARN_OBJC_IMPLICIT_RETAIN_SELF = YES;
				CLANG_WARN_OBJC_LITERAL_CONVERSION = YES;
				CLANG_WARN_OBJC_ROOT_CLASS = YES_ERROR;
				CLANG_WARN_QUOTED_INCLUDE_IN_FRAMEWORK_HEADER = YES;
				CLANG_WARN_RANGE_LOOP_ANALYSIS = YES;
				CLANG_WARN_STRICT_PROTOTYPES = YES;
				CLANG_WARN_SUSPICIOUS_MOVE = YES;
				CLANG_WARN_UNGUARDED_AVAILABILITY = YES_AGGRESSIVE;
				CLANG_WARN_UNREACHABLE_CODE = YES;
				CLANG_WARN__DUPLICATE_METHOD_MATCH = YES;
				COPY_PHASE_STRIP = NO;
				DEBUG_INFORMATION_FORMAT = dwarf;
				ENABLE_STRICT_OBJC_MSGSEND = YES;
				ENABLE_TESTABILITY = YES;
				ENABLE_USER_SCRIPT_SANDBOXING = YES;
				GCC_C_LANGUAGE_STANDARD = gnu17;
				GCC_DYNAMIC_NO_PIC = NO;
				GCC_NO_COMMON_BLOCKS = YES;
				GCC_OPTIMIZATION_LEVEL = 0;
				GCC_PREPROCESSOR_DEFINITIONS = (
					"DEBUG=1",
					"$(inherited)",
				);
				GCC_WARN_64_TO_32_BIT_CONVERSION = YES;
				GCC_WARN_ABOUT_RETURN_TYPE = YES_ERROR;
				GCC_WARN_UNDECLARED_SELECTOR = YES;
				GCC_WARN_UNINITIALIZED_AUTOS = YES_AGGRESSIVE;
				GCC_WARN_UNUSED_FUNCTION = YES;
				GCC_WARN_UNUSED_VARIABLE = YES;
				IPHONEOS_DEPLOYMENT_TARGET = 17.5;
				LOCALIZATION_PREFERS_STRING_CATALOGS = YES;
				MTL_ENABLE_DEBUG_INFO = INCLUDE_SOURCE;
				MTL_FAST_MATH = YES;
				ONLY_ACTIVE_ARCH = YES;
				SDKROOT = iphoneos;
				SWIFT_ACTIVE_COMPILATION_CONDITIONS = "DEBUG $(inherited)";
				SWIFT_OBJC_BRIDGING_HEADER = "FootballApp-Bridging-Header.h";
				SWIFT_OPTIMIZATION_LEVEL = "-Onone";
			};
			name = Debug;
		};
		1D0244CD2CAF94CB00650293 /* Release */ = {
			isa = XCBuildConfiguration;
			buildSettings = {
				ALWAYS_SEARCH_USER_PATHS = NO;
				ASSETCATALOG_COMPILER_GENERATE_SWIFT_ASSET_SYMBOL_EXTENSIONS = YES;
				CLANG_ANALYZER_NONNULL = YES;
				CLANG_ANALYZER_NUMBER_OBJECT_CONVERSION = YES_AGGRESSIVE;
				CLANG_CXX_LANGUAGE_STANDARD = "gnu++20";
				CLANG_ENABLE_MODULES = YES;
				CLANG_ENABLE_OBJC_ARC = YES;
				CLANG_ENABLE_OBJC_WEAK = YES;
				CLANG_WARN_BLOCK_CAPTURE_AUTORELEASING = YES;
				CLANG_WARN_BOOL_CONVERSION = YES;
				CLANG_WARN_COMMA = YES;
				CLANG_WARN_CONSTANT_CONVERSION = YES;
				CLANG_WARN_DEPRECATED_OBJC_IMPLEMENTATIONS = YES;
				CLANG_WARN_DIRECT_OBJC_ISA_USAGE = YES_ERROR;
				CLANG_WARN_DOCUMENTATION_COMMENTS = YES;
				CLANG_WARN_EMPTY_BODY = YES;
				CLANG_WARN_ENUM_CONVERSION = YES;
				CLANG_WARN_INFINITE_RECURSION = YES;
				CLANG_WARN_INT_CONVERSION = YES;
				CLANG_WARN_NON_LITERAL_NULL_CONVERSION = YES;
				CLANG_WARN_OBJC_IMPLICIT_RETAIN_SELF = YES;
				CLANG_WARN_OBJC_LITERAL_CONVERSION = YES;
				CLANG_WARN_OBJC_ROOT_CLASS = YES_ERROR;
				CLANG_WARN_QUOTED_INCLUDE_IN_FRAMEWORK_HEADER = YES;
				CLANG_WARN_RANGE_LOOP_ANALYSIS = YES;
				CLANG_WARN_STRICT_PROTOTYPES = YES;
				CLANG_WARN_SUSPICIOUS_MOVE = YES;
				CLANG_WARN_UNGUARDED_AVAILABILITY = YES_AGGRESSIVE;
				CLANG_WARN_UNREACHABLE_CODE = YES;
				CLANG_WARN__DUPLICATE_METHOD_MATCH = YES;
				COPY_PHASE_STRIP = NO;
				DEBUG_INFORMATION_FORMAT = "dwarf-with-dsym";
				ENABLE_NS_ASSERTIONS = NO;
				ENABLE_STRICT_OBJC_MSGSEND = YES;
				ENABLE_USER_SCRIPT_SANDBOXING = YES;
				GCC_C_LANGUAGE_STANDARD = gnu17;
				GCC_NO_COMMON_BLOCKS = YES;
				GCC_WARN_64_TO_32_BIT_CONVERSION = YES;
				GCC_WARN_ABOUT_RETURN_TYPE = YES_ERROR;
				GCC_WARN_UNDECLARED_SELECTOR = YES;
				GCC_WARN_UNINITIALIZED_AUTOS = YES_AGGRESSIVE;
				GCC_WARN_UNUSED_FUNCTION = YES;
				GCC_WARN_UNUSED_VARIABLE = YES;
				IPHONEOS_DEPLOYMENT_TARGET = 17.5;
				LOCALIZATION_PREFERS_STRING_CATALOGS = YES;
				MTL_ENABLE_DEBUG_INFO = NO;
				MTL_FAST_MATH = YES;
				SDKROOT = iphoneos;
				SWIFT_COMPILATION_MODE = wholemodule;
				SWIFT_OBJC_BRIDGING_HEADER = "FootballApp-Bridging-Header.h";
				VALIDATE_PRODUCT = YES;
			};
			name = Release;
		};
		1D0244CF2CAF94CB00650293 /* Debug */ = {
			isa = XCBuildConfiguration;
			baseConfigurationReference = 1D02452B2CB8E29800650293 /* Config.xcconfig */;
			buildSettings = {
				ASSETCATALOG_COMPILER_APPICON_NAME = AppIcon;
				ASSETCATALOG_COMPILER_GLOBAL_ACCENT_COLOR_NAME = AccentColor;
				CODE_SIGN_STYLE = Automatic;
				CURRENT_PROJECT_VERSION = 1;
				DEVELOPMENT_TEAM = 7HTRP53WA3;
				GENERATE_INFOPLIST_FILE = YES;
				INFOPLIST_FILE = FootballApp/Info.plist;
				INFOPLIST_KEY_CFBundleDisplayName = "";
				INFOPLIST_KEY_LSApplicationCategoryType = "";
				INFOPLIST_KEY_NSHumanReadableCopyright = "";
				INFOPLIST_KEY_UIApplicationSupportsIndirectInputEvents = YES;
				INFOPLIST_KEY_UILaunchStoryboardName = LaunchScreen;
				INFOPLIST_KEY_UIMainStoryboardFile = Main;
				INFOPLIST_KEY_UISupportedInterfaceOrientations_iPad = "UIInterfaceOrientationPortrait UIInterfaceOrientationPortraitUpsideDown UIInterfaceOrientationLandscapeLeft UIInterfaceOrientationLandscapeRight";
				INFOPLIST_KEY_UISupportedInterfaceOrientations_iPhone = "UIInterfaceOrientationPortrait UIInterfaceOrientationLandscapeLeft UIInterfaceOrientationLandscapeRight";
				LD_RUNPATH_SEARCH_PATHS = (
					"$(inherited)",
					"@executable_path/Frameworks",
				);
				MARKETING_VERSION = 1.0;
				PRODUCT_BUNDLE_IDENTIFIER = com.Jhong.FootballApp;
				PRODUCT_NAME = "$(TARGET_NAME)";
				SWIFT_EMIT_LOC_STRINGS = YES;
				SWIFT_VERSION = 5.0;
				TARGETED_DEVICE_FAMILY = "1,2";
			};
			name = Debug;
		};
		1D0244D02CAF94CB00650293 /* Release */ = {
			isa = XCBuildConfiguration;
			buildSettings = {
				ASSETCATALOG_COMPILER_APPICON_NAME = AppIcon;
				ASSETCATALOG_COMPILER_GLOBAL_ACCENT_COLOR_NAME = AccentColor;
				CODE_SIGN_STYLE = Automatic;
				CURRENT_PROJECT_VERSION = 1;
				DEVELOPMENT_TEAM = 7HTRP53WA3;
				GENERATE_INFOPLIST_FILE = YES;
				INFOPLIST_FILE = FootballApp/Info.plist;
				INFOPLIST_KEY_CFBundleDisplayName = "";
				INFOPLIST_KEY_LSApplicationCategoryType = "";
				INFOPLIST_KEY_NSHumanReadableCopyright = "";
				INFOPLIST_KEY_UIApplicationSupportsIndirectInputEvents = YES;
				INFOPLIST_KEY_UILaunchStoryboardName = LaunchScreen;
				INFOPLIST_KEY_UIMainStoryboardFile = Main;
				INFOPLIST_KEY_UISupportedInterfaceOrientations_iPad = "UIInterfaceOrientationPortrait UIInterfaceOrientationPortraitUpsideDown UIInterfaceOrientationLandscapeLeft UIInterfaceOrientationLandscapeRight";
				INFOPLIST_KEY_UISupportedInterfaceOrientations_iPhone = "UIInterfaceOrientationPortrait UIInterfaceOrientationLandscapeLeft UIInterfaceOrientationLandscapeRight";
				LD_RUNPATH_SEARCH_PATHS = (
					"$(inherited)",
					"@executable_path/Frameworks",
				);
				MARKETING_VERSION = 1.0;
				PRODUCT_BUNDLE_IDENTIFIER = com.Jhong.FootballApp;
				PRODUCT_NAME = "$(TARGET_NAME)";
				SWIFT_EMIT_LOC_STRINGS = YES;
				SWIFT_VERSION = 5.0;
				TARGETED_DEVICE_FAMILY = "1,2";
			};
			name = Release;
		};
/* End XCBuildConfiguration section */

/* Begin XCConfigurationList section */
		1D0244B52CAF94C900650293 /* Build configuration list for PBXProject "FootballApp" */ = {
			isa = XCConfigurationList;
			buildConfigurations = (
				1D0244CC2CAF94CB00650293 /* Debug */,
				1D0244CD2CAF94CB00650293 /* Release */,
			);
			defaultConfigurationIsVisible = 0;
			defaultConfigurationName = Release;
		};
		1D0244CE2CAF94CB00650293 /* Build configuration list for PBXNativeTarget "FootballApp" */ = {
			isa = XCConfigurationList;
			buildConfigurations = (
				1D0244CF2CAF94CB00650293 /* Debug */,
				1D0244D02CAF94CB00650293 /* Release */,
			);
			defaultConfigurationIsVisible = 0;
			defaultConfigurationName = Release;
		};
/* End XCConfigurationList section */
	};
	rootObject = 1D0244B22CAF94C900650293 /* Project object */;
}
